
Microsoft Visual Studio Solution File, Format Version 12.00
# Visual Studio Version 16
VisualStudioVersion = 16.0.30309.148
MinimumVisualStudioVersion = 10.0.40219.1
Project("{FAE04EC0-301F-11D3-BF4B-00C04F79EFBC}") = "AlbumShop", "AlbumShop.csproj", "{AFD81CB7-342F-448C-83AE-B4DAAA27F875}"
EndProject
Global
	GlobalSection(SolutionConfigurationPlatforms) = preSolution
		Debug|Any CPU = Debug|Any CPU
		Release|Any CPU = Release|Any CPU
	EndGlobalSection
	GlobalSection(ProjectConfigurationPlatforms) = postSolution
		{AFD81CB7-342F-448C-83AE-B4DAAA27F875}.Debug|Any CPU.ActiveCfg = Debug|Any CPU
		{AFD81CB7-342F-448C-83AE-B4DAAA27F875}.Debug|Any CPU.Build.0 = Debug|Any CPU
		{AFD81CB7-342F-448C-83AE-B4DAAA27F875}.Release|Any CPU.ActiveCfg = Release|Any CPU
		{AFD81CB7-342F-448C-83AE-B4DAAA27F875}.Release|Any CPU.Build.0 = Release|Any CPU
	EndGlobalSection
	GlobalSection(SolutionProperties) = preSolution
		HideSolutionNode = FALSE
	EndGlobalSection
	GlobalSection(ExtensibilityGlobals) = postSolution
		SolutionGuid = {09AE4B86-A856-4FFD-BE14-1D7727C7269F}
	EndGlobalSection
EndGlobal
